
Microsoft Visual Studio Solution File, Format Version 12.00
# Visual Studio 15
VisualStudioVersion = 15.0.28307.539
MinimumVisualStudioVersion = 10.0.40219.1
Project("{FAE04EC0-301F-11D3-BF4B-00C04F79EFBC}") = "Aula03", "Aula03.csproj", "{421DB669-D06D-4BA9-AA41-88785C04B744}"
EndProject
Global
	GlobalSection(SolutionConfigurationPlatforms) = preSolution
		Debug|Any CPU = Debug|Any CPU
		Release|Any CPU = Release|Any CPU
	EndGlobalSection
	GlobalSection(ProjectConfigurationPlatforms) = postSolution
		{421DB669-D06D-4BA9-AA41-88785C04B744}.Debug|Any CPU.ActiveCfg = Debug|Any CPU
		{421DB669-D06D-4BA9-AA41-88785C04B744}.Debug|Any CPU.Build.0 = Debug|Any CPU
		{421DB669-D06D-4BA9-AA41-88785C04B744}.Release|Any CPU.ActiveCfg = Release|Any CPU
		{421DB669-D06D-4BA9-AA41-88785C04B744}.Release|Any CPU.Build.0 = Release|Any CPU
	EndGlobalSection
	GlobalSection(SolutionProperties) = preSolution
		HideSolutionNode = FALSE
	EndGlobalSection
	GlobalSection(ExtensibilityGlobals) = postSolution
		SolutionGuid = {C236F5A0-4070-4D0F-91F7-3A2398F72D9A}
	EndGlobalSection
EndGlobal
